{
  "project": "MRN",
  "release_unit": "stack-workspace",
  "baseline": {
    "pinned_at": "2026-08-24",
    "repo_path": "/Users/khofmeyer/Development/MRN",
    "integration_target": "mrn-stack",
    "integration_mode": "coordinated-stack-workspace",
    "stack_release": "2026.08.24-agent-recovery-evidence",
    "theme": {
      "mrn-base-stack": "1.3.0",
      "mrn-base-stack-child": "1.1.0"
    },
    "standard_plugins": {
      "mrn-config-helper": "0.1.57",
      "mrn-stack-deployment-agent": "0.1.5"
    }
  }
}
