{
  "project": "mrn-admin-ui-css",
  "release_unit": "standalone-plugin",
  "baseline": {
    "pinned_at": "2026-06-30",
    "repo_path": "/Users/khofmeyer/Development/MRN/mu-plugins/mrn-admin-ui-css",
    "integration_target": "mrn-shared-mu-plugin-loader",
    "integration_mode": "shared-mu-plugin",
    "plugin_version": "3.1.13"
  }
}
