{
  "project": "mrn-dashboard-support",
  "release_unit": "standalone-plugin",
  "baseline": {
    "pinned_at": "2026-06-30",
    "repo_path": "/Users/khofmeyer/Development/MRN/mu-plugins/mrn-dashboard-support",
    "integration_target": "mrn-shared-mu-plugin-loader",
    "integration_mode": "shared-mu-plugin",
    "plugin_version": "1.3.0"
  }
}
