{
  "project": "mrn-mega-menu",
  "release_unit": "standalone-plugin",
  "baseline": {
    "pinned_at": "2026-08-11",
    "repo_path": "/Users/khofmeyer/Development/MRN/plugins/mrn-mega-menu",
    "integration_target": "mrn-plugin-stack",
    "integration_mode": "in-repo-plugin",
    "plugin_version": "0.16.12"
  }
}
